
Microsoft Visual Studio Solution File, Format Version 12.00
# Visual Studio Version 16
VisualStudioVersion = 16.0.31112.23
MinimumVisualStudioVersion = 10.0.40219.1
Project("{FAE04EC0-301F-11D3-BF4B-00C04F79EFBC}") = "Markdown2HTML", "Markdown2HTML.csproj", "{2FC22864-785F-4349-A794-D01C3311C1DD}"
EndProject
Project("{FAE04EC0-301F-11D3-BF4B-00C04F79EFBC}") = "UnitTest", "..\UnitTest\UnitTest.csproj", "{74778207-4A3A-45AC-AEAC-39B4A4E8C7A7}"
	ProjectSection(ProjectDependencies) = postProject
		{2FC22864-785F-4349-A794-D01C3311C1DD} = {2FC22864-785F-4349-A794-D01C3311C1DD}
	EndProjectSection
EndProject
Global
	GlobalSection(SolutionConfigurationPlatforms) = preSolution
		Debug|Any CPU = Debug|Any CPU
		Release|Any CPU = Release|Any CPU
	EndGlobalSection
	GlobalSection(ProjectConfigurationPlatforms) = postSolution
		{2FC22864-785F-4349-A794-D01C3311C1DD}.Debug|Any CPU.ActiveCfg = Debug|Any CPU
		{2FC22864-785F-4349-A794-D01C3311C1DD}.Debug|Any CPU.Build.0 = Debug|Any CPU
		{2FC22864-785F-4349-A794-D01C3311C1DD}.Release|Any CPU.ActiveCfg = Release|Any CPU
		{2FC22864-785F-4349-A794-D01C3311C1DD}.Release|Any CPU.Build.0 = Release|Any CPU
		{74778207-4A3A-45AC-AEAC-39B4A4E8C7A7}.Debug|Any CPU.ActiveCfg = Debug|Any CPU
		{74778207-4A3A-45AC-AEAC-39B4A4E8C7A7}.Debug|Any CPU.Build.0 = Debug|Any CPU
		{74778207-4A3A-45AC-AEAC-39B4A4E8C7A7}.Release|Any CPU.ActiveCfg = Release|Any CPU
		{74778207-4A3A-45AC-AEAC-39B4A4E8C7A7}.Release|Any CPU.Build.0 = Release|Any CPU
	EndGlobalSection
	GlobalSection(SolutionProperties) = preSolution
		HideSolutionNode = FALSE
	EndGlobalSection
	GlobalSection(ExtensibilityGlobals) = postSolution
		SolutionGuid = {E1A9C38B-E17D-4266-96C7-80675BA3A77E}
	EndGlobalSection
EndGlobal
